
Microsoft Visual Studio Solution File, Format Version 12.00
# Visual Studio Version 16
VisualStudioVersion = 16.0.31229.75
MinimumVisualStudioVersion = 10.0.40219.1
Project("{FAE04EC0-301F-11D3-BF4B-00C04F79EFBC}") = "Officecore", "Officecore\Officecore.csproj", "{7E1B3CA4-4997-41F1-938B-BDEE1942AE53}"
EndProject
Global
	GlobalSection(SolutionConfigurationPlatforms) = preSolution
		Debug|Any CPU = Debug|Any CPU
		Release|Any CPU = Release|Any CPU
	EndGlobalSection
	GlobalSection(ProjectConfigurationPlatforms) = postSolution
		{7E1B3CA4-4997-41F1-938B-BDEE1942AE53}.Debug|Any CPU.ActiveCfg = Debug|Any CPU
		{7E1B3CA4-4997-41F1-938B-BDEE1942AE53}.Debug|Any CPU.Build.0 = Debug|Any CPU
		{7E1B3CA4-4997-41F1-938B-BDEE1942AE53}.Release|Any CPU.ActiveCfg = Release|Any CPU
		{7E1B3CA4-4997-41F1-938B-BDEE1942AE53}.Release|Any CPU.Build.0 = Release|Any CPU
	EndGlobalSection
	GlobalSection(SolutionProperties) = preSolution
		HideSolutionNode = FALSE
	EndGlobalSection
	GlobalSection(ExtensibilityGlobals) = postSolution
		SolutionGuid = {8306530F-DACD-47D1-9D72-1CDC9FA43935}
	EndGlobalSection
EndGlobal
